
Microsoft Visual Studio Solution File, Format Version 12.00
# Visual Studio Version 16
VisualStudioVersion = 16.0.30717.126
MinimumVisualStudioVersion = 10.0.40219.1
Project("{FAE04EC0-301F-11D3-BF4B-00C04F79EFBC}") = "licenseStorage", "licenseStorage\licenseStorage.csproj", "{5EDAAEB1-BE9F-4BCC-9DDE-50FABBEC561D}"
EndProject
Global
	GlobalSection(SolutionConfigurationPlatforms) = preSolution
		Debug|Any CPU = Debug|Any CPU
		Release|Any CPU = Release|Any CPU
	EndGlobalSection
	GlobalSection(ProjectConfigurationPlatforms) = postSolution
		{5EDAAEB1-BE9F-4BCC-9DDE-50FABBEC561D}.Debug|Any CPU.ActiveCfg = Debug|Any CPU
		{5EDAAEB1-BE9F-4BCC-9DDE-50FABBEC561D}.Debug|Any CPU.Build.0 = Debug|Any CPU
		{5EDAAEB1-BE9F-4BCC-9DDE-50FABBEC561D}.Release|Any CPU.ActiveCfg = Release|Any CPU
		{5EDAAEB1-BE9F-4BCC-9DDE-50FABBEC561D}.Release|Any CPU.Build.0 = Release|Any CPU
	EndGlobalSection
	GlobalSection(SolutionProperties) = preSolution
		HideSolutionNode = FALSE
	EndGlobalSection
	GlobalSection(ExtensibilityGlobals) = postSolution
		SolutionGuid = {F0509E44-DF00-4967-B970-4E31719A888C}
	EndGlobalSection
EndGlobal
